// !$*UTF8*$!
{
	archiveVersion = 1;
	classes = {
	};
	objectVersion = 50;
	objects = {

/* Begin PBXBuildFile section */
		182D51BC24C0A4C5001C8C48 /* probability.swift in Sources */ = {isa = PBXBuildFile; fileRef = 182D51BB24C0A4C5001C8C48 /* probability.swift */; };
		5115296D24BD6B63009CBF61 /* AppDelegate.swift in Sources */ = {isa = PBXBuildFile; fileRef = 5115296C24BD6B63009CBF61 /* AppDelegate.swift */; };
		5115296F24BD6B63009CBF61 /* SceneDelegate.swift in Sources */ = {isa = PBXBuildFile; fileRef = 5115296E24BD6B63009CBF61 /* SceneDelegate.swift */; };
		5115297124BD6B63009CBF61 /* ViewController.swift in Sources */ = {isa = PBXBuildFile; fileRef = 5115297024BD6B63009CBF61 /* ViewController.swift */; };
		5115297424BD6B63009CBF61 /* Main.storyboard in Resources */ = {isa = PBXBuildFile; fileRef = 5115297224BD6B63009CBF61 /* Main.storyboard */; };
		5115297724BD6B63009CBF61 /* travelQuest.xcdatamodeld in Sources */ = {isa = PBXBuildFile; fileRef = 5115297524BD6B63009CBF61 /* travelQuest.xcdatamodeld */; };
		5115297924BD6B66009CBF61 /* Assets.xcassets in Resources */ = {isa = PBXBuildFile; fileRef = 5115297824BD6B66009CBF61 /* Assets.xcassets */; };
		5115297C24BD6B66009CBF61 /* LaunchScreen.storyboard in Resources */ = {isa = PBXBuildFile; fileRef = 5115297A24BD6B66009CBF61 /* LaunchScreen.storyboard */; };
		51F2EE6D24BE246400EBA1D9 /* Area51BeginViewController.swift in Sources */ = {isa = PBXBuildFile; fileRef = 51F2EE6C24BE246400EBA1D9 /* Area51BeginViewController.swift */; };
		51F2EE6F24BE371300EBA1D9 /* A51Decision2ViewController.swift in Sources */ = {isa = PBXBuildFile; fileRef = 51F2EE6E24BE371300EBA1D9 /* A51Decision2ViewController.swift */; };
		51F2EE7124BEA36800EBA1D9 /* AchievementsFinalViewController.swift in Sources */ = {isa = PBXBuildFile; fileRef = 51F2EE7024BEA36800EBA1D9 /* AchievementsFinalViewController.swift */; };
		51F2EE7324BF5A8500EBA1D9 /* A51Decision3ViewController.swift in Sources */ = {isa = PBXBuildFile; fileRef = 51F2EE7224BF5A8500EBA1D9 /* A51Decision3ViewController.swift */; };
		51F2EE7524BFA5B400EBA1D9 /* FailureViewController.swift in Sources */ = {isa = PBXBuildFile; fileRef = 51F2EE7424BFA5B400EBA1D9 /* FailureViewController.swift */; };
		51F2EE7724BFD23000EBA1D9 /* A51Decision4ViewController.swift in Sources */ = {isa = PBXBuildFile; fileRef = 51F2EE7624BFD23000EBA1D9 /* A51Decision4ViewController.swift */; };
		51F2EE7B24BFE02F00EBA1D9 /* A51Decision5ViewController.swift in Sources */ = {isa = PBXBuildFile; fileRef = 51F2EE7A24BFE02F00EBA1D9 /* A51Decision5ViewController.swift */; };
/* End PBXBuildFile section */

/* Begin PBXFileReference section */
		182D51BB24C0A4C5001C8C48 /* probability.swift */ = {isa = PBXFileReference; lastKnownFileType = sourcecode.swift; path = probability.swift; sourceTree = "<group>"; };
		5115296924BD6B63009CBF61 /* travelQuest.app */ = {isa = PBXFileReference; explicitFileType = wrapper.application; includeInIndex = 0; path = travelQuest.app; sourceTree = BUILT_PRODUCTS_DIR; };
		5115296C24BD6B63009CBF61 /* AppDelegate.swift */ = {isa = PBXFileReference; lastKnownFileType = sourcecode.swift; path = AppDelegate.swift; sourceTree = "<group>"; };
		5115296E24BD6B63009CBF61 /* SceneDelegate.swift */ = {isa = PBXFileReference; lastKnownFileType = sourcecode.swift; path = SceneDelegate.swift; sourceTree = "<group>"; };
		5115297024BD6B63009CBF61 /* ViewController.swift */ = {isa = PBXFileReference; lastKnownFileType = sourcecode.swift; path = ViewController.swift; sourceTree = "<group>"; };
		5115297324BD6B63009CBF61 /* Base */ = {isa = PBXFileReference; lastKnownFileType = file.storyboard; name = Base; path = Base.lproj/Main.storyboard; sourceTree = "<group>"; };
		5115297624BD6B63009CBF61 /* travelQuest.xcdatamodel */ = {isa = PBXFileReference; lastKnownFileType = wrapper.xcdatamodel; path = travelQuest.xcdatamodel; sourceTree = "<group>"; };
		5115297824BD6B66009CBF61 /* Assets.xcassets */ = {isa = PBXFileReference; lastKnownFileType = folder.assetcatalog; path = Assets.xcassets; sourceTree = "<group>"; };
		5115297B24BD6B66009CBF61 /* Base */ = {isa = PBXFileReference; lastKnownFileType = file.storyboard; name = Base; path = Base.lproj/LaunchScreen.storyboard; sourceTree = "<group>"; };
		5115297D24BD6B66009CBF61 /* Info.plist */ = {isa = PBXFileReference; lastKnownFileType = text.plist.xml; path = Info.plist; sourceTree = "<group>"; };
		51F2EE6C24BE246400EBA1D9 /* Area51BeginViewController.swift */ = {isa = PBXFileReference; lastKnownFileType = sourcecode.swift; path = Area51BeginViewController.swift; sourceTree = "<group>"; };
		51F2EE6E24BE371300EBA1D9 /* A51Decision2ViewController.swift */ = {isa = PBXFileReference; lastKnownFileType = sourcecode.swift; path = A51Decision2ViewController.swift; sourceTree = "<group>"; };
		51F2EE7024BEA36800EBA1D9 /* AchievementsFinalViewController.swift */ = {isa = PBXFileReference; lastKnownFileType = sourcecode.swift; path = AchievementsFinalViewController.swift; sourceTree = "<group>"; };
		51F2EE7224BF5A8500EBA1D9 /* A51Decision3ViewController.swift */ = {isa = PBXFileReference; lastKnownFileType = sourcecode.swift; path = A51Decision3ViewController.swift; sourceTree = "<group>"; };
		51F2EE7424BFA5B400EBA1D9 /* FailureViewController.swift */ = {isa = PBXFileReference; lastKnownFileType = sourcecode.swift; path = FailureViewController.swift; sourceTree = "<group>"; };
		51F2EE7624BFD23000EBA1D9 /* A51Decision4ViewController.swift */ = {isa = PBXFileReference; lastKnownFileType = sourcecode.swift; path = A51Decision4ViewController.swift; sourceTree = "<group>"; };
		51F2EE7A24BFE02F00EBA1D9 /* A51Decision5ViewController.swift */ = {isa = PBXFileReference; lastKnownFileType = sourcecode.swift; path = A51Decision5ViewController.swift; sourceTree = "<group>"; };
/* End PBXFileReference section */

/* Begin PBXFrameworksBuildPhase section */
		5115296624BD6B63009CBF61 /* Frameworks */ = {
			isa = PBXFrameworksBuildPhase;
			buildActionMask = 2147483647;
			files = (
			);
			runOnlyForDeploymentPostprocessing = 0;
		};
/* End PBXFrameworksBuildPhase section */

/* Begin PBXGroup section */
		5115296024BD6B63009CBF61 = {
			isa = PBXGroup;
			children = (
				5115296B24BD6B63009CBF61 /* travelQuest */,
				5115296A24BD6B63009CBF61 /* Products */,
			);
			sourceTree = "<group>";
		};
		5115296A24BD6B63009CBF61 /* Products */ = {
			isa = PBXGroup;
			children = (
				5115296924BD6B63009CBF61 /* travelQuest.app */,
			);
			name = Products;
			sourceTree = "<group>";
		};
		5115296B24BD6B63009CBF61 /* travelQuest */ = {
			isa = PBXGroup;
			children = (
				5115296C24BD6B63009CBF61 /* AppDelegate.swift */,
				5115296E24BD6B63009CBF61 /* SceneDelegate.swift */,
				5115297024BD6B63009CBF61 /* ViewController.swift */,
				51F2EE6C24BE246400EBA1D9 /* Area51BeginViewController.swift */,
				51F2EE6E24BE371300EBA1D9 /* A51Decision2ViewController.swift */,
				51F2EE7224BF5A8500EBA1D9 /* A51Decision3ViewController.swift */,
				51F2EE7624BFD23000EBA1D9 /* A51Decision4ViewController.swift */,
				51F2EE7424BFA5B400EBA1D9 /* FailureViewController.swift */,
				51F2EE7024BEA36800EBA1D9 /* AchievementsFinalViewController.swift */,
				5115297224BD6B63009CBF61 /* Main.storyboard */,
				5115297824BD6B66009CBF61 /* Assets.xcassets */,
				5115297A24BD6B66009CBF61 /* LaunchScreen.storyboard */,
				5115297D24BD6B66009CBF61 /* Info.plist */,
				5115297524BD6B63009CBF61 /* travelQuest.xcdatamodeld */,
				51F2EE7A24BFE02F00EBA1D9 /* A51Decision5ViewController.swift */,
				182D51BB24C0A4C5001C8C48 /* probability.swift */,
			);
			path = travelQuest;
			sourceTree = "<group>";
		};
/* End PBXGroup section */

/* Begin PBXNativeTarget section */
		5115296824BD6B63009CBF61 /* travelQuest */ = {
			isa = PBXNativeTarget;
			buildConfigurationList = 5115298024BD6B66009CBF61 /* Build configuration list for PBXNativeTarget "travelQuest" */;
			buildPhases = (
				5115296524BD6B63009CBF61 /* Sources */,
				5115296624BD6B63009CBF61 /* Frameworks */,
				5115296724BD6B63009CBF61 /* Resources */,
			);
			buildRules = (
			);
			dependencies = (
			);
			name = travelQuest;
			productName = travelQuest;
			productReference = 5115296924BD6B63009CBF61 /* travelQuest.app */;
			productType = "com.apple.product-type.application";
		};
/* End PBXNativeTarget section */

/* Begin PBXProject section */
		5115296124BD6B63009CBF61 /* Project object */ = {
			isa = PBXProject;
			attributes = {
				LastSwiftUpdateCheck = 1150;
				LastUpgradeCheck = 1150;
				ORGANIZATIONNAME = "Megan Bailey";
				TargetAttributes = {
					5115296824BD6B63009CBF61 = {
						CreatedOnToolsVersion = 11.5;
					};
				};
			};
			buildConfigurationList = 5115296424BD6B63009CBF61 /* Build configuration list for PBXProject "travelQuest" */;
			compatibilityVersion = "Xcode 9.3";
			developmentRegion = en;
			hasScannedForEncodings = 0;
			knownRegions = (
				en,
				Base,
			);
			mainGroup = 5115296024BD6B63009CBF61;
			productRefGroup = 5115296A24BD6B63009CBF61 /* Products */;
			projectDirPath = "";
			projectRoot = "";
			targets = (
				5115296824BD6B63009CBF61 /* travelQuest */,
			);
		};
/* End PBXProject section */

/* Begin PBXResourcesBuildPhase section */
		5115296724BD6B63009CBF61 /* Resources */ = {
			isa = PBXResourcesBuildPhase;
			buildActionMask = 2147483647;
			files = (
				5115297C24BD6B66009CBF61 /* LaunchScreen.storyboard in Resources */,
				5115297924BD6B66009CBF61 /* Assets.xcassets in Resources */,
				5115297424BD6B63009CBF61 /* Main.storyboard in Resources */,
			);
			runOnlyForDeploymentPostprocessing = 0;
		};
/* End PBXResourcesBuildPhase section */

/* Begin PBXSourcesBuildPhase section */
		5115296524BD6B63009CBF61 /* Sources */ = {
			isa = PBXSourcesBuildPhase;
			buildActionMask = 2147483647;
			files = (
				51F2EE6D24BE246400EBA1D9 /* Area51BeginViewController.swift in Sources */,
				5115297724BD6B63009CBF61 /* travelQuest.xcdatamodeld in Sources */,
				51F2EE7124BEA36800EBA1D9 /* AchievementsFinalViewController.swift in Sources */,
				51F2EE7B24BFE02F00EBA1D9 /* A51Decision5ViewController.swift in Sources */,
				51F2EE7524BFA5B400EBA1D9 /* FailureViewController.swift in Sources */,
				51F2EE6F24BE371300EBA1D9 /* A51Decision2ViewController.swift in Sources */,
				51F2EE7324BF5A8500EBA1D9 /* A51Decision3ViewController.swift in Sources */,
				5115297124BD6B63009CBF61 /* ViewController.swift in Sources */,
				5115296D24BD6B63009CBF61 /* AppDelegate.swift in Sources */,
				182D51BC24C0A4C5001C8C48 /* probability.swift in Sources */,
				51F2EE7724BFD23000EBA1D9 /* A51Decision4ViewController.swift in Sources */,
				5115296F24BD6B63009CBF61 /* SceneDelegate.swift in Sources */,
			);
			runOnlyForDeploymentPostprocessing = 0;
		};
/* End PBXSourcesBuildPhase section */

/* Begin PBXVariantGroup section */
		5115297224BD6B63009CBF61 /* Main.storyboard */ = {
			isa = PBXVariantGroup;
			children = (
				5115297324BD6B63009CBF61 /* Base */,
			);
			name = Main.storyboard;
			sourceTree = "<group>";
		};
		5115297A24BD6B66009CBF61 /* LaunchScreen.storyboard */ = {
			isa = PBXVariantGroup;
			children = (
				5115297B24BD6B66009CBF61 /* Base */,
			);
			name = LaunchScreen.storyboard;
			sourceTree = "<group>";
		};
/* End PBXVariantGroup section */

/* Begin XCBuildConfiguration section */
		5115297E24BD6B66009CBF61 /* Debug */ = {
			isa = XCBuildConfiguration;
			buildSettings = {
				ALWAYS_SEARCH_USER_PATHS = NO;
				CLANG_ANALYZER_NONNULL = YES;
				CLANG_ANALYZER_NUMBER_OBJECT_CONVERSION = YES_AGGRESSIVE;
				CLANG_CXX_LANGUAGE_STANDARD = "gnu++14";
				CLANG_CXX_LIBRARY = "libc++";
				CLANG_ENABLE_MODULES = YES;
				CLANG_ENABLE_OBJC_ARC = YES;
				CLANG_ENABLE_OBJC_WEAK = YES;
				CLANG_WARN_BLOCK_CAPTURE_AUTORELEASING = YES;
				CLANG_WARN_BOOL_CONVERSION = YES;
				CLANG_WARN_COMMA = YES;
				CLANG_WARN_CONSTANT_CONVERSION = YES;
				CLANG_WARN_DEPRECATED_OBJC_IMPLEMENTATIONS = YES;
				CLANG_WARN_DIRECT_OBJC_ISA_USAGE = YES_ERROR;
				CLANG_WARN_DOCUMENTATION_COMMENTS = YES;
				CLANG_WARN_EMPTY_BODY = YES;
				CLANG_WARN_ENUM_CONVERSION = YES;
				CLANG_WARN_INFINITE_RECURSION = YES;
				CLANG_WARN_INT_CONVERSION = YES;
				CLANG_WARN_NON_LITERAL_NULL_CONVERSION = YES;
				CLANG_WARN_OBJC_IMPLICIT_RETAIN_SELF = YES;
				CLANG_WARN_OBJC_LITERAL_CONVERSION = YES;
				CLANG_WARN_OBJC_ROOT_CLASS = YES_ERROR;
				CLANG_WARN_RANGE_LOOP_ANALYSIS = YES;
				CLANG_WARN_STRICT_PROTOTYPES = YES;
				CLANG_WARN_SUSPICIOUS_MOVE = YES;
				CLANG_WARN_UNGUARDED_AVAILABILITY = YES_AGGRESSIVE;
				CLANG_WARN_UNREACHABLE_CODE = YES;
				CLANG_WARN__DUPLICATE_METHOD_MATCH = YES;
				COPY_PHASE_STRIP = NO;
				DEBUG_INFORMATION_FORMAT = dwarf;
				ENABLE_STRICT_OBJC_MSGSEND = YES;
				ENABLE_TESTABILITY = YES;
				GCC_C_LANGUAGE_STANDARD = gnu11;
				GCC_DYNAMIC_NO_PIC = NO;
				GCC_NO_COMMON_BLOCKS = YES;
				GCC_OPTIMIZATION_LEVEL = 0;
				GCC_PREPROCESSOR_DEFINITIONS = (
					"DEBUG=1",
					"$(inherited)",
				);
				GCC_WARN_64_TO_32_BIT_CONVERSION = YES;
				GCC_WARN_ABOUT_RETURN_TYPE = YES_ERROR;
				GCC_WARN_UNDECLARED_SELECTOR = YES;
				GCC_WARN_UNINITIALIZED_AUTOS = YES_AGGRESSIVE;
				GCC_WARN_UNUSED_FUNCTION = YES;
				GCC_WARN_UNUSED_VARIABLE = YES;
				IPHONEOS_DEPLOYMENT_TARGET = 13.5;
				MTL_ENABLE_DEBUG_INFO = INCLUDE_SOURCE;
				MTL_FAST_MATH = YES;
				ONLY_ACTIVE_ARCH = YES;
				SDKROOT = iphoneos;
				SWIFT_ACTIVE_COMPILATION_CONDITIONS = DEBUG;
				SWIFT_OPTIMIZATION_LEVEL = "-Onone";
			};
			name = Debug;
		};
		5115297F24BD6B66009CBF61 /* Release */ = {
			isa = XCBuildConfiguration;
			buildSettings = {
				ALWAYS_SEARCH_USER_PATHS = NO;
				CLANG_ANALYZER_NONNULL = YES;
				CLANG_ANALYZER_NUMBER_OBJECT_CONVERSION = YES_AGGRESSIVE;
				CLANG_CXX_LANGUAGE_STANDARD = "gnu++14";
				CLANG_CXX_LIBRARY = "libc++";
				CLANG_ENABLE_MODULES = YES;
				CLANG_ENABLE_OBJC_ARC = YES;
				CLANG_ENABLE_OBJC_WEAK = YES;
				CLANG_WARN_BLOCK_CAPTURE_AUTORELEASING = YES;
				CLANG_WARN_BOOL_CONVERSION = YES;
				CLANG_WARN_COMMA = YES;
				CLANG_WARN_CONSTANT_CONVERSION = YES;
				CLANG_WARN_DEPRECATED_OBJC_IMPLEMENTATIONS = YES;
				CLANG_WARN_DIRECT_OBJC_ISA_USAGE = YES_ERROR;
				CLANG_WARN_DOCUMENTATION_COMMENTS = YES;
				CLANG_WARN_EMPTY_BODY = YES;
				CLANG_WARN_ENUM_CONVERSION = YES;
				CLANG_WARN_INFINITE_RECURSION = YES;
				CLANG_WARN_INT_CONVERSION = YES;
				CLANG_WARN_NON_LITERAL_NULL_CONVERSION = YES;
				CLANG_WARN_OBJC_IMPLICIT_RETAIN_SELF = YES;
				CLANG_WARN_OBJC_LITERAL_CONVERSION = YES;
				CLANG_WARN_OBJC_ROOT_CLASS = YES_ERROR;
				CLANG_WARN_RANGE_LOOP_ANALYSIS = YES;
				CLANG_WARN_STRICT_PROTOTYPES = YES;
				CLANG_WARN_SUSPICIOUS_MOVE = YES;
				CLANG_WARN_UNGUARDED_AVAILABILITY = YES_AGGRESSIVE;
				CLANG_WARN_UNREACHABLE_CODE = YES;
				CLANG_WARN__DUPLICATE_METHOD_MATCH = YES;
				COPY_PHASE_STRIP = NO;
				DEBUG_INFORMATION_FORMAT = "dwarf-with-dsym";
				ENABLE_NS_ASSERTIONS = NO;
				ENABLE_STRICT_OBJC_MSGSEND = YES;
				GCC_C_LANGUAGE_STANDARD = gnu11;
				GCC_NO_COMMON_BLOCKS = YES;
				GCC_WARN_64_TO_32_BIT_CONVERSION = YES;
				GCC_WARN_ABOUT_RETURN_TYPE = YES_ERROR;
				GCC_WARN_UNDECLARED_SELECTOR = YES;
				GCC_WARN_UNINITIALIZED_AUTOS = YES_AGGRESSIVE;
				GCC_WARN_UNUSED_FUNCTION = YES;
				GCC_WARN_UNUSED_VARIABLE = YES;
				IPHONEOS_DEPLOYMENT_TARGET = 13.5;
				MTL_ENABLE_DEBUG_INFO = NO;
				MTL_FAST_MATH = YES;
				SDKROOT = iphoneos;
				SWIFT_COMPILATION_MODE = wholemodule;
				SWIFT_OPTIMIZATION_LEVEL = "-O";
				VALIDATE_PRODUCT = YES;
			};
			name = Release;
		};
		5115298124BD6B66009CBF61 /* Debug */ = {
			isa = XCBuildConfiguration;
			buildSettings = {
				ASSETCATALOG_COMPILER_APPICON_NAME = AppIcon;
				CODE_SIGN_STYLE = Automatic;
				INFOPLIST_FILE = travelQuest/Info.plist;
				LD_RUNPATH_SEARCH_PATHS = (
					"$(inherited)",
					"@executable_path/Frameworks",
				);
				PRODUCT_BUNDLE_IDENTIFIER = "Megan-Bailey.travelQuest";
				PRODUCT_NAME = "$(TARGET_NAME)";
				SWIFT_VERSION = 5.0;
				TARGETED_DEVICE_FAMILY = "1,2";
			};
			name = Debug;
		};
		5115298224BD6B66009CBF61 /* Release */ = {
			isa = XCBuildConfiguration;
			buildSettings = {
				ASSETCATALOG_COMPILER_APPICON_NAME = AppIcon;
				CODE_SIGN_STYLE = Automatic;
				INFOPLIST_FILE = travelQuest/Info.plist;
				LD_RUNPATH_SEARCH_PATHS = (
					"$(inherited)",
					"@executable_path/Frameworks",
				);
				PRODUCT_BUNDLE_IDENTIFIER = "Megan-Bailey.travelQuest";
				PRODUCT_NAME = "$(TARGET_NAME)";
				SWIFT_VERSION = 5.0;
				TARGETED_DEVICE_FAMILY = "1,2";
			};
			name = Release;
		};
/* End XCBuildConfiguration section */

/* Begin XCConfigurationList section */
		5115296424BD6B63009CBF61 /* Build configuration list for PBXProject "travelQuest" */ = {
			isa = XCConfigurationList;
			buildConfigurations = (
				5115297E24BD6B66009CBF61 /* Debug */,
				5115297F24BD6B66009CBF61 /* Release */,
			);
			defaultConfigurationIsVisible = 0;
			defaultConfigurationName = Release;
		};
		5115298024BD6B66009CBF61 /* Build configuration list for PBXNativeTarget "travelQuest" */ = {
			isa = XCConfigurationList;
			buildConfigurations = (
				5115298124BD6B66009CBF61 /* Debug */,
				5115298224BD6B66009CBF61 /* Release */,
			);
			defaultConfigurationIsVisible = 0;
			defaultConfigurationName = Release;
		};
/* End XCConfigurationList section */

/* Begin XCVersionGroup section */
		5115297524BD6B63009CBF61 /* travelQuest.xcdatamodeld */ = {
			isa = XCVersionGroup;
			children = (
				5115297624BD6B63009CBF61 /* travelQuest.xcdatamodel */,
			);
			currentVersion = 5115297624BD6B63009CBF61 /* travelQuest.xcdatamodel */;
			path = travelQuest.xcdatamodeld;
			sourceTree = "<group>";
			versionGroupType = wrapper.xcdatamodel;
		};
/* End XCVersionGroup section */
	};
	rootObject = 5115296124BD6B63009CBF61 /* Project object */;
}
